
Microsoft Visual Studio Solution File, Format Version 12.00
# Visual Studio 15
Project("{FAE04EC0-301F-11D3-BF4B-00C04F79EFBC}") = "Assembly-CSharp", "Assembly-CSharp.csproj", "{515C91F4-948A-761A-1B53-FF64F2A52ABF}"
EndProject
Project("{FAE04EC0-301F-11D3-BF4B-00C04F79EFBC}") = "Assembly-CSharp-Editor", "Assembly-CSharp-Editor.csproj", "{EF1010B8-00E6-E5A2-C40C-B69C3C6B856F}"
EndProject
Global
	GlobalSection(SolutionConfigurationPlatforms) = preSolution
		Debug|Any CPU = Debug|Any CPU
		Release|Any CPU = Release|Any CPU
	EndGlobalSection
	GlobalSection(ProjectConfigurationPlatforms) = postSolution
		{515C91F4-948A-761A-1B53-FF64F2A52ABF}.Debug|Any CPU.ActiveCfg = Debug|Any CPU
		{515C91F4-948A-761A-1B53-FF64F2A52ABF}.Debug|Any CPU.Build.0 = Debug|Any CPU
		{515C91F4-948A-761A-1B53-FF64F2A52ABF}.Release|Any CPU.ActiveCfg = Release|Any CPU
		{515C91F4-948A-761A-1B53-FF64F2A52ABF}.Release|Any CPU.Build.0 = Release|Any CPU
		{EF1010B8-00E6-E5A2-C40C-B69C3C6B856F}.Debug|Any CPU.ActiveCfg = Debug|Any CPU
		{EF1010B8-00E6-E5A2-C40C-B69C3C6B856F}.Debug|Any CPU.Build.0 = Debug|Any CPU
		{EF1010B8-00E6-E5A2-C40C-B69C3C6B856F}.Release|Any CPU.ActiveCfg = Release|Any CPU
		{EF1010B8-00E6-E5A2-C40C-B69C3C6B856F}.Release|Any CPU.Build.0 = Release|Any CPU
	EndGlobalSection
	GlobalSection(SolutionProperties) = preSolution
		HideSolutionNode = FALSE
	EndGlobalSection
EndGlobal
